# This file was autogenerated by Stack.
# You should not edit this file by hand.
# For more information, please see the documentation at:
#   https://docs.haskellstack.org/en/stable/lock_files

packages:
- completed:
    hackage: call-stack-0.2.0@sha256:5ce796b78d5f964468ec6fe0717b4e7d0430817f37370c47b3e6b38e345b6643,1202
    pantry-tree:
      size: 500
      sha256: 30cc02f50a7f660db6b5c4218b4021cd78cae90b135d893d55f32a1c8b1e1c08
  original:
    hackage: call-stack-0.2.0
- completed:
    hackage: HUnit-1.6.1.0@sha256:62af6d70183d93944b98a8d9cb2ba4484b91303f74ebbb94425f7389d418c344,1572
    pantry-tree:
      size: 878
      sha256: c42729ab00656f53d6a1114cf498574c62a8c595fa3d877639b5179a70dc6c8d
  original:
    hackage: HUnit-1.6.1.0
snapshots: []
